
Microsoft Visual Studio Solution File, Format Version 11.00
# Visual Studio 2010
Project("{FAE04EC0-301F-11D3-BF4B-00C04F79EFBC}") = "PicasaLike", "PicasaLike\PicasaLike.csproj", "{2B2ECBEC-53AC-4120-80A3-FC3FA8ED020A}"
EndProject
Global
	GlobalSection(SolutionConfigurationPlatforms) = preSolution
		Debug|x86 = Debug|x86
		Release|x86 = Release|x86
	EndGlobalSection
	GlobalSection(ProjectConfigurationPlatforms) = postSolution
		{2B2ECBEC-53AC-4120-80A3-FC3FA8ED020A}.Debug|x86.ActiveCfg = Debug|x86
		{2B2ECBEC-53AC-4120-80A3-FC3FA8ED020A}.Debug|x86.Build.0 = Debug|x86
		{2B2ECBEC-53AC-4120-80A3-FC3FA8ED020A}.Release|x86.ActiveCfg = Release|x86
		{2B2ECBEC-53AC-4120-80A3-FC3FA8ED020A}.Release|x86.Build.0 = Release|x86
	EndGlobalSection
	GlobalSection(SolutionProperties) = preSolution
		HideSolutionNode = FALSE
	EndGlobalSection
EndGlobal
