
Microsoft Visual Studio Solution File, Format Version 11.00
# Visual Studio 2010
Project("{FAE04EC0-301F-11D3-BF4B-00C04F79EFBC}") = "AutorisationWCF", "AutorisationWCF\AutorisationWCF.csproj", "{666D809F-0502-44D0-B81E-3C7A6D10BCC4}"
EndProject
Global
	GlobalSection(SolutionConfigurationPlatforms) = preSolution
		Debug|Any CPU = Debug|Any CPU
		Release|Any CPU = Release|Any CPU
	EndGlobalSection
	GlobalSection(ProjectConfigurationPlatforms) = postSolution
		{666D809F-0502-44D0-B81E-3C7A6D10BCC4}.Debug|Any CPU.ActiveCfg = Debug|Any CPU
		{666D809F-0502-44D0-B81E-3C7A6D10BCC4}.Debug|Any CPU.Build.0 = Debug|Any CPU
		{666D809F-0502-44D0-B81E-3C7A6D10BCC4}.Release|Any CPU.ActiveCfg = Release|Any CPU
		{666D809F-0502-44D0-B81E-3C7A6D10BCC4}.Release|Any CPU.Build.0 = Release|Any CPU
	EndGlobalSection
	GlobalSection(SolutionProperties) = preSolution
		HideSolutionNode = FALSE
	EndGlobalSection
EndGlobal
